
Microsoft Visual Studio Solution File, Format Version 12.00
# Visual Studio Version 16
VisualStudioVersion = 16.0.30225.117
MinimumVisualStudioVersion = 10.0.40219.1
Project("{9A19103F-16F7-4668-BE54-9A1E7A4F7556}") = "UrlShortener", "UrlShortener\UrlShortener.csproj", "{25534CE9-E4BB-4C2D-A7E4-F25A73B2CA61}"
EndProject
Project("{9A19103F-16F7-4668-BE54-9A1E7A4F7556}") = "Services", "Services\Services.csproj", "{AE499B47-2A47-4BD4-A28A-7DEAC90CE11E}"
EndProject
Project("{9A19103F-16F7-4668-BE54-9A1E7A4F7556}") = "Models", "Models\Models.csproj", "{2D9D75B1-D105-49EA-8A97-96A2EC6E82B3}"
EndProject
Project("{2150E333-8FDC-42A3-9474-1A3956D46DE8}") = "Solution Items", "Solution Items", "{F9203CC7-3D36-4B87-AB0F-BCCF893D8DCB}"
	ProjectSection(SolutionItems) = preProject
		.gitignore = .gitignore
	EndProjectSection
EndProject
Global
	GlobalSection(SolutionConfigurationPlatforms) = preSolution
		Debug|Any CPU = Debug|Any CPU
		Release|Any CPU = Release|Any CPU
	EndGlobalSection
	GlobalSection(ProjectConfigurationPlatforms) = postSolution
		{25534CE9-E4BB-4C2D-A7E4-F25A73B2CA61}.Debug|Any CPU.ActiveCfg = Debug|Any CPU
		{25534CE9-E4BB-4C2D-A7E4-F25A73B2CA61}.Debug|Any CPU.Build.0 = Debug|Any CPU
		{25534CE9-E4BB-4C2D-A7E4-F25A73B2CA61}.Release|Any CPU.ActiveCfg = Release|Any CPU
		{25534CE9-E4BB-4C2D-A7E4-F25A73B2CA61}.Release|Any CPU.Build.0 = Release|Any CPU
		{AE499B47-2A47-4BD4-A28A-7DEAC90CE11E}.Debug|Any CPU.ActiveCfg = Debug|Any CPU
		{AE499B47-2A47-4BD4-A28A-7DEAC90CE11E}.Debug|Any CPU.Build.0 = Debug|Any CPU
		{AE499B47-2A47-4BD4-A28A-7DEAC90CE11E}.Release|Any CPU.ActiveCfg = Release|Any CPU
		{AE499B47-2A47-4BD4-A28A-7DEAC90CE11E}.Release|Any CPU.Build.0 = Release|Any CPU
		{2D9D75B1-D105-49EA-8A97-96A2EC6E82B3}.Debug|Any CPU.ActiveCfg = Debug|Any CPU
		{2D9D75B1-D105-49EA-8A97-96A2EC6E82B3}.Debug|Any CPU.Build.0 = Debug|Any CPU
		{2D9D75B1-D105-49EA-8A97-96A2EC6E82B3}.Release|Any CPU.ActiveCfg = Release|Any CPU
		{2D9D75B1-D105-49EA-8A97-96A2EC6E82B3}.Release|Any CPU.Build.0 = Release|Any CPU
	EndGlobalSection
	GlobalSection(SolutionProperties) = preSolution
		HideSolutionNode = FALSE
	EndGlobalSection
	GlobalSection(ExtensibilityGlobals) = postSolution
		SolutionGuid = {18CB937B-547F-4D5A-A798-964DB165AF9B}
	EndGlobalSection
EndGlobal
